Microsoft Visual Studio Solution File, Format Version 12.00
# Visual Studio Version 17
VisualStudioVersion = 17.5.2.0
MinimumVisualStudioVersion = 10.0.40219.1
Project("{FAE04EC0-301F-11D3-BF4B-00C04F79EFBC}") = "DeviceApi.Tests", "DeviceApi.Tests.csproj", "{96FEB6B4-4157-3608-23E2-E9B2EBC31D10}"
EndProject
Global
	GlobalSection(SolutionConfigurationPlatforms) = preSolution
		Debug|Any CPU = Debug|Any CPU
		Release|Any CPU = Release|Any CPU
	EndGlobalSection
	GlobalSection(ProjectConfigurationPlatforms) = postSolution
		{96FEB6B4-4157-3608-23E2-E9B2EBC31D10}.Debug|Any CPU.ActiveCfg = Debug|Any CPU
		{96FEB6B4-4157-3608-23E2-E9B2EBC31D10}.Debug|Any CPU.Build.0 = Debug|Any CPU
		{96FEB6B4-4157-3608-23E2-E9B2EBC31D10}.Release|Any CPU.ActiveCfg = Release|Any CPU
		{96FEB6B4-4157-3608-23E2-E9B2EBC31D10}.Release|Any CPU.Build.0 = Release|Any CPU
	EndGlobalSection
	GlobalSection(SolutionProperties) = preSolution
		HideSolutionNode = FALSE
	EndGlobalSection
	GlobalSection(ExtensibilityGlobals) = postSolution
		SolutionGuid = {A1E2FC1F-559C-4BA1-BFAC-F8C0526BA5B9}
	EndGlobalSection
EndGlobal
